// !$*UTF8*$!
{
	archiveVersion = 1;
	classes = {
	};
	objectVersion = 56;
	objects = {

/* Begin PBXBuildFile section */
		18F177F62B77DDBD00D4594C /* AppDelegate.swift in Sources */ = {isa = PBXBuildFile; fileRef = 18F177F52B77DDBD00D4594C /* AppDelegate.swift */; };
		18F177F82B77DDBD00D4594C /* SceneDelegate.swift in Sources */ = {isa = PBXBuildFile; fileRef = 18F177F72B77DDBD00D4594C /* SceneDelegate.swift */; };
		18F177FA2B77DDBD00D4594C /* ViewController.swift in Sources */ = {isa = PBXBuildFile; fileRef = 18F177F92B77DDBD00D4594C /* ViewController.swift */; };
		18F177FD2B77DDBD00D4594C /* Main.storyboard in Resources */ = {isa = PBXBuildFile; fileRef = 18F177FB2B77DDBD00D4594C /* Main.storyboard */; };
		18F178002B77DDBD00D4594C /* GitBranchMerging.xcdatamodeld in Sources */ = {isa = PBXBuildFile; fileRef = 18F177FE2B77DDBD00D4594C /* GitBranchMerging.xcdatamodeld */; };
		18F178022B77DDC000D4594C /* Assets.xcassets in Resources */ = {isa = PBXBuildFile; fileRef = 18F178012B77DDC000D4594C /* Assets.xcassets */; };
		18F178052B77DDC000D4594C /* LaunchScreen.storyboard in Resources */ = {isa = PBXBuildFile; fileRef = 18F178032B77DDC000D4594C /* LaunchScreen.storyboard */; };
		18F178102B77DDC100D4594C /* GitBranchMergingTests.swift in Sources */ = {isa = PBXBuildFile; fileRef = 18F1780F2B77DDC100D4594C /* GitBranchMergingTests.swift */; };
		18F1781A2B77DDC100D4594C /* GitBranchMergingUITests.swift in Sources */ = {isa = PBXBuildFile; fileRef = 18F178192B77DDC100D4594C /* GitBranchMergingUITests.swift */; };
		18F1781C2B77DDC100D4594C /* GitBranchMergingUITestsLaunchTests.swift in Sources */ = {isa = PBXBuildFile; fileRef = 18F1781B2B77DDC100D4594C /* GitBranchMergingUITestsLaunchTests.swift */; };
/* End PBXBuildFile section */

/* Begin PBXContainerItemProxy section */
		18F1780C2B77DDC100D4594C /* PBXContainerItemProxy */ = {
			isa = PBXContainerItemProxy;
			containerPortal = 18F177EA2B77DDBD00D4594C /* Project object */;
			proxyType = 1;
			remoteGlobalIDString = 18F177F12B77DDBD00D4594C;
			remoteInfo = GitBranchMerging;
		};
		18F178162B77DDC100D4594C /* PBXContainerItemProxy */ = {
			isa = PBXContainerItemProxy;
			containerPortal = 18F177EA2B77DDBD00D4594C /* Project object */;
			proxyType = 1;
			remoteGlobalIDString = 18F177F12B77DDBD00D4594C;
			remoteInfo = GitBranchMerging;
		};
/* End PBXContainerItemProxy section */

/* Begin PBXFileReference section */
		18F177F22B77DDBD00D4594C /* GitBranchMerging.app */ = {isa = PBXFileReference; explicitFileType = wrapper.application; includeInIndex = 0; path = GitBranchMerging.app; sourceTree = BUILT_PRODUCTS_DIR; };
		18F177F52B77DDBD00D4594C /* AppDelegate.swift */ = {isa = PBXFileReference; lastKnownFileType = sourcecode.swift; path = AppDelegate.swift; sourceTree = "<group>"; };
		18F177F72B77DDBD00D4594C /* SceneDelegate.swift */ = {isa = PBXFileReference; lastKnownFileType = sourcecode.swift; path = SceneDelegate.swift; sourceTree = "<group>"; };
		18F177F92B77DDBD00D4594C /* ViewController.swift */ = {isa = PBXFileReference; lastKnownFileType = sourcecode.swift; path = ViewController.swift; sourceTree = "<group>"; };
		18F177FC2B77DDBD00D4594C /* Base */ = {isa = PBXFileReference; lastKnownFileType = file.storyboard; name = Base; path = Base.lproj/Main.storyboard; sourceTree = "<group>"; };
		18F177FF2B77DDBD00D4594C /* GitBranchMerging.xcdatamodel */ = {isa = PBXFileReference; lastKnownFileType = wrapper.xcdatamodel; path = GitBranchMerging.xcdatamodel; sourceTree = "<group>"; };
		18F178012B77DDC000D4594C /* Assets.xcassets */ = {isa = PBXFileReference; lastKnownFileType = folder.assetcatalog; path = Assets.xcassets; sourceTree = "<group>"; };
		18F178042B77DDC000D4594C /* Base */ = {isa = PBXFileReference; lastKnownFileType = file.storyboard; name = Base; path = Base.lproj/LaunchScreen.storyboard; sourceTree = "<group>"; };
		18F178062B77DDC000D4594C /* Info.plist */ = {isa = PBXFileReference; lastKnownFileType = text.plist.xml; path = Info.plist; sourceTree = "<group>"; };
		18F1780B2B77DDC100D4594C /* GitBranchMergingTests.xctest */ = {isa = PBXFileReference; explicitFileType = wrapper.cfbundle; includeInIndex = 0; path = GitBranchMergingTests.xctest; sourceTree = BUILT_PRODUCTS_DIR; };
		18F1780F2B77DDC100D4594C /* GitBranchMergingTests.swift */ = {isa = PBXFileReference; lastKnownFileType = sourcecode.swift; path = GitBranchMergingTests.swift; sourceTree = "<group>"; };
		18F178152B77DDC100D4594C /* GitBranchMergingUITests.xctest */ = {isa = PBXFileReference; explicitFileType = wrapper.cfbundle; includeInIndex = 0; path = GitBranchMergingUITests.xctest; sourceTree = BUILT_PRODUCTS_DIR; };
		18F178192B77DDC100D4594C /* GitBranchMergingUITests.swift */ = {isa = PBXFileReference; lastKnownFileType = sourcecode.swift; path = GitBranchMergingUITests.swift; sourceTree = "<group>"; };
		18F1781B2B77DDC100D4594C /* GitBranchMergingUITestsLaunchTests.swift */ = {isa = PBXFileReference; lastKnownFileType = sourcecode.swift; path = GitBranchMergingUITestsLaunchTests.swift; sourceTree = "<group>"; };
/* End PBXFileReference section */

/* Begin PBXFrameworksBuildPhase section */
		18F177EF2B77DDBD00D4594C /* Frameworks */ = {
			isa = PBXFrameworksBuildPhase;
			buildActionMask = 2147483647;
			files = (
			);
			runOnlyForDeploymentPostprocessing = 0;
		};
		18F178082B77DDC100D4594C /* Frameworks */ = {
			isa = PBXFrameworksBuildPhase;
			buildActionMask = 2147483647;
			files = (
			);
			runOnlyForDeploymentPostprocessing = 0;
		};
		18F178122B77DDC100D4594C /* Frameworks */ = {
			isa = PBXFrameworksBuildPhase;
			buildActionMask = 2147483647;
			files = (
			);
			runOnlyForDeploymentPostprocessing = 0;
		};
/* End PBXFrameworksBuildPhase section */

/* Begin PBXGroup section */
		18F177E92B77DDBD00D4594C = {
			isa = PBXGroup;
			children = (
				18F177F42B77DDBD00D4594C /* GitBranchMerging */,
				18F1780E2B77DDC100D4594C /* GitBranchMergingTests */,
				18F178182B77DDC100D4594C /* GitBranchMergingUITests */,
				18F177F32B77DDBD00D4594C /* Products */,
			);
			sourceTree = "<group>";
		};
		18F177F32B77DDBD00D4594C /* Products */ = {
			isa = PBXGroup;
			children = (
				18F177F22B77DDBD00D4594C /* GitBranchMerging.app */,
				18F1780B2B77DDC100D4594C /* GitBranchMergingTests.xctest */,
				18F178152B77DDC100D4594C /* GitBranchMergingUITests.xctest */,
			);
			name = Products;
			sourceTree = "<group>";
		};
		18F177F42B77DDBD00D4594C /* GitBranchMerging */ = {
			isa = PBXGroup;
			children = (
				18F177F52B77DDBD00D4594C /* AppDelegate.swift */,
				18F177F72B77DDBD00D4594C /* SceneDelegate.swift */,
				18F177F92B77DDBD00D4594C /* ViewController.swift */,
				18F177FB2B77DDBD00D4594C /* Main.storyboard */,
				18F178012B77DDC000D4594C /* Assets.xcassets */,
				18F178032B77DDC000D4594C /* LaunchScreen.storyboard */,
				18F178062B77DDC000D4594C /* Info.plist */,
				18F177FE2B77DDBD00D4594C /* GitBranchMerging.xcdatamodeld */,
			);
			path = GitBranchMerging;
			sourceTree = "<group>";
		};
		18F1780E2B77DDC100D4594C /* GitBranchMergingTests */ = {
			isa = PBXGroup;
			children = (
				18F1780F2B77DDC100D4594C /* GitBranchMergingTests.swift */,
			);
			path = GitBranchMergingTests;
			sourceTree = "<group>";
		};
		18F178182B77DDC100D4594C /* GitBranchMergingUITests */ = {
			isa = PBXGroup;
			children = (
				18F178192B77DDC100D4594C /* GitBranchMergingUITests.swift */,
				18F1781B2B77DDC100D4594C /* GitBranchMergingUITestsLaunchTests.swift */,
			);
			path = GitBranchMergingUITests;
			sourceTree = "<group>";
		};
/* End PBXGroup section */

/* Begin PBXNativeTarget section */
		18F177F12B77DDBD00D4594C /* GitBranchMerging */ = {
			isa = PBXNativeTarget;
			buildConfigurationList = 18F1781F2B77DDC100D4594C /* Build configuration list for PBXNativeTarget "GitBranchMerging" */;
			buildPhases = (
				18F177EE2B77DDBD00D4594C /* Sources */,
				18F177EF2B77DDBD00D4594C /* Frameworks */,
				18F177F02B77DDBD00D4594C /* Resources */,
			);
			buildRules = (
			);
			dependencies = (
			);
			name = GitBranchMerging;
			productName = GitBranchMerging;
			productReference = 18F177F22B77DDBD00D4594C /* GitBranchMerging.app */;
			productType = "com.apple.product-type.application";
		};
		18F1780A2B77DDC100D4594C /* GitBranchMergingTests */ = {
			isa = PBXNativeTarget;
			buildConfigurationList = 18F178222B77DDC100D4594C /* Build configuration list for PBXNativeTarget "GitBranchMergingTests" */;
			buildPhases = (
				18F178072B77DDC100D4594C /* Sources */,
				18F178082B77DDC100D4594C /* Frameworks */,
				18F178092B77DDC100D4594C /* Resources */,
			);
			buildRules = (
			);
			dependencies = (
				18F1780D2B77DDC100D4594C /* PBXTargetDependency */,
			);
			name = GitBranchMergingTests;
			productName = GitBranchMergingTests;
			productReference = 18F1780B2B77DDC100D4594C /* GitBranchMergingTests.xctest */;
			productType = "com.apple.product-type.bundle.unit-test";
		};
		18F178142B77DDC100D4594C /* GitBranchMergingUITests */ = {
			isa = PBXNativeTarget;
			buildConfigurationList = 18F178252B77DDC100D4594C /* Build configuration list for PBXNativeTarget "GitBranchMergingUITests" */;
			buildPhases = (
				18F178112B77DDC100D4594C /* Sources */,
				18F178122B77DDC100D4594C /* Frameworks */,
				18F178132B77DDC100D4594C /* Resources */,
			);
			buildRules = (
			);
			dependencies = (
				18F178172B77DDC100D4594C /* PBXTargetDependency */,
			);
			name = GitBranchMergingUITests;
			productName = GitBranchMergingUITests;
			productReference = 18F178152B77DDC100D4594C /* GitBranchMergingUITests.xctest */;
			productType = "com.apple.product-type.bundle.ui-testing";
		};
/* End PBXNativeTarget section */

/* Begin PBXProject section */
		18F177EA2B77DDBD00D4594C /* Project object */ = {
			isa = PBXProject;
			attributes = {
				BuildIndependentTargetsInParallel = 1;
				LastSwiftUpdateCheck = 1420;
				LastUpgradeCheck = 1420;
				TargetAttributes = {
					18F177F12B77DDBD00D4594C = {
						CreatedOnToolsVersion = 14.2;
					};
					18F1780A2B77DDC100D4594C = {
						CreatedOnToolsVersion = 14.2;
						TestTargetID = 18F177F12B77DDBD00D4594C;
					};
					18F178142B77DDC100D4594C = {
						CreatedOnToolsVersion = 14.2;
						TestTargetID = 18F177F12B77DDBD00D4594C;
					};
				};
			};
			buildConfigurationList = 18F177ED2B77DDBD00D4594C /* Build configuration list for PBXProject "GitBranchMerging" */;
			compatibilityVersion = "Xcode 14.0";
			developmentRegion = en;
			hasScannedForEncodings = 0;
			knownRegions = (
				en,
				Base,
			);
			mainGroup = 18F177E92B77DDBD00D4594C;
			productRefGroup = 18F177F32B77DDBD00D4594C /* Products */;
			projectDirPath = "";
			projectRoot = "";
			targets = (
				18F177F12B77DDBD00D4594C /* GitBranchMerging */,
				18F1780A2B77DDC100D4594C /* GitBranchMergingTests */,
				18F178142B77DDC100D4594C /* GitBranchMergingUITests */,
			);
		};
/* End PBXProject section */

/* Begin PBXResourcesBuildPhase section */
		18F177F02B77DDBD00D4594C /* Resources */ = {
			isa = PBXResourcesBuildPhase;
			buildActionMask = 2147483647;
			files = (
				18F178052B77DDC000D4594C /* LaunchScreen.storyboard in Resources */,
				18F178022B77DDC000D4594C /* Assets.xcassets in Resources */,
				18F177FD2B77DDBD00D4594C /* Main.storyboard in Resources */,
			);
			runOnlyForDeploymentPostprocessing = 0;
		};
		18F178092B77DDC100D4594C /* Resources */ = {
			isa = PBXResourcesBuildPhase;
			buildActionMask = 2147483647;
			files = (
			);
			runOnlyForDeploymentPostprocessing = 0;
		};
		18F178132B77DDC100D4594C /* Resources */ = {
			isa = PBXResourcesBuildPhase;
			buildActionMask = 2147483647;
			files = (
			);
			runOnlyForDeploymentPostprocessing = 0;
		};
/* End PBXResourcesBuildPhase section */

/* Begin PBXSourcesBuildPhase section */
		18F177EE2B77DDBD00D4594C /* Sources */ = {
			isa = PBXSourcesBuildPhase;
			buildActionMask = 2147483647;
			files = (
				18F178002B77DDBD00D4594C /* GitBranchMerging.xcdatamodeld in Sources */,
				18F177FA2B77DDBD00D4594C /* ViewController.swift in Sources */,
				18F177F62B77DDBD00D4594C /* AppDelegate.swift in Sources */,
				18F177F82B77DDBD00D4594C /* SceneDelegate.swift in Sources */,
			);
			runOnlyForDeploymentPostprocessing = 0;
		};
		18F178072B77DDC100D4594C /* Sources */ = {
			isa = PBXSourcesBuildPhase;
			buildActionMask = 2147483647;
			files = (
				18F178102B77DDC100D4594C /* GitBranchMergingTests.swift in Sources */,
			);
			runOnlyForDeploymentPostprocessing = 0;
		};
		18F178112B77DDC100D4594C /* Sources */ = {
			isa = PBXSourcesBuildPhase;
			buildActionMask = 2147483647;
			files = (
				18F1781A2B77DDC100D4594C /* GitBranchMergingUITests.swift in Sources */,
				18F1781C2B77DDC100D4594C /* GitBranchMergingUITestsLaunchTests.swift in Sources */,
			);
			runOnlyForDeploymentPostprocessing = 0;
		};
/* End PBXSourcesBuildPhase section */

/* Begin PBXTargetDependency section */
		18F1780D2B77DDC100D4594C /* PBXTargetDependency */ = {
			isa = PBXTargetDependency;
			target = 18F177F12B77DDBD00D4594C /* GitBranchMerging */;
			targetProxy = 18F1780C2B77DDC100D4594C /* PBXContainerItemProxy */;
		};
		18F178172B77DDC100D4594C /* PBXTargetDependency */ = {
			isa = PBXTargetDependency;
			target = 18F177F12B77DDBD00D4594C /* GitBranchMerging */;
			targetProxy = 18F178162B77DDC100D4594C /* PBXContainerItemProxy */;
		};
/* End PBXTargetDependency section */

/* Begin PBXVariantGroup section */
		18F177FB2B77DDBD00D4594C /* Main.storyboard */ = {
			isa = PBXVariantGroup;
			children = (
				18F177FC2B77DDBD00D4594C /* Base */,
			);
			name = Main.storyboard;
			sourceTree = "<group>";
		};
		18F178032B77DDC000D4594C /* LaunchScreen.storyboard */ = {
			isa = PBXVariantGroup;
			children = (
				18F178042B77DDC000D4594C /* Base */,
			);
			name = LaunchScreen.storyboard;
			sourceTree = "<group>";
		};
/* End PBXVariantGroup section */

/* Begin XCBuildConfiguration section */
		18F1781D2B77DDC100D4594C /* Debug */ = {
			isa = XCBuildConfiguration;
			buildSettings = {
				ALWAYS_SEARCH_USER_PATHS = NO;
				CLANG_ANALYZER_NONNULL = YES;
				CLANG_ANALYZER_NUMBER_OBJECT_CONVERSION = YES_AGGRESSIVE;
				CLANG_CXX_LANGUAGE_STANDARD = "gnu++20";
				CLANG_ENABLE_MODULES = YES;
				CLANG_ENABLE_OBJC_ARC = YES;
				CLANG_ENABLE_OBJC_WEAK = YES;
				CLANG_WARN_BLOCK_CAPTURE_AUTORELEASING = YES;
				CLANG_WARN_BOOL_CONVERSION = YES;
				CLANG_WARN_COMMA = YES;
				CLANG_WARN_CONSTANT_CONVERSION = YES;
				CLANG_WARN_DEPRECATED_OBJC_IMPLEMENTATIONS = YES;
				CLANG_WARN_DIRECT_OBJC_ISA_USAGE = YES_ERROR;
				CLANG_WARN_DOCUMENTATION_COMMENTS = YES;
				CLANG_WARN_EMPTY_BODY = YES;
				CLANG_WARN_ENUM_CONVERSION = YES;
				CLANG_WARN_INFINITE_RECURSION = YES;
				CLANG_WARN_INT_CONVERSION = YES;
				CLANG_WARN_NON_LITERAL_NULL_CONVERSION = YES;
				CLANG_WARN_OBJC_IMPLICIT_RETAIN_SELF = YES;
				CLANG_WARN_OBJC_LITERAL_CONVERSION = YES;
				CLANG_WARN_OBJC_ROOT_CLASS = YES_ERROR;
				CLANG_WARN_QUOTED_INCLUDE_IN_FRAMEWORK_HEADER = YES;
				CLANG_WARN_RANGE_LOOP_ANALYSIS = YES;
				CLANG_WARN_STRICT_PROTOTYPES = YES;
				CLANG_WARN_SUSPICIOUS_MOVE = YES;
				CLANG_WARN_UNGUARDED_AVAILABILITY = YES_AGGRESSIVE;
				CLANG_WARN_UNREACHABLE_CODE = YES;
				CLANG_WARN__DUPLICATE_METHOD_MATCH = YES;
				COPY_PHASE_STRIP = NO;
				DEBUG_INFORMATION_FORMAT = dwarf;
				ENABLE_STRICT_OBJC_MSGSEND = YES;
				ENABLE_TESTABILITY = YES;
				GCC_C_LANGUAGE_STANDARD = gnu11;
				GCC_DYNAMIC_NO_PIC = NO;
				GCC_NO_COMMON_BLOCKS = YES;
				GCC_OPTIMIZATION_LEVEL = 0;
				GCC_PREPROCESSOR_DEFINITIONS = (
					"DEBUG=1",
					"$(inherited)",
				);
				GCC_WARN_64_TO_32_BIT_CONVERSION = YES;
				GCC_WARN_ABOUT_RETURN_TYPE = YES_ERROR;
				GCC_WARN_UNDECLARED_SELECTOR = YES;
				GCC_WARN_UNINITIALIZED_AUTOS = YES_AGGRESSIVE;
				GCC_WARN_UNUSED_FUNCTION = YES;
				GCC_WARN_UNUSED_VARIABLE = YES;
				IPHONEOS_DEPLOYMENT_TARGET = 16.2;
				MTL_ENABLE_DEBUG_INFO = INCLUDE_SOURCE;
				MTL_FAST_MATH = YES;
				ONLY_ACTIVE_ARCH = YES;
				SDKROOT = iphoneos;
				SWIFT_ACTIVE_COMPILATION_CONDITIONS = DEBUG;
				SWIFT_OPTIMIZATION_LEVEL = "-Onone";
			};
			name = Debug;
		};
		18F1781E2B77DDC100D4594C /* Release */ = {
			isa = XCBuildConfiguration;
			buildSettings = {
				ALWAYS_SEARCH_USER_PATHS = NO;
				CLANG_ANALYZER_NONNULL = YES;
				CLANG_ANALYZER_NUMBER_OBJECT_CONVERSION = YES_AGGRESSIVE;
				CLANG_CXX_LANGUAGE_STANDARD = "gnu++20";
				CLANG_ENABLE_MODULES = YES;
				CLANG_ENABLE_OBJC_ARC = YES;
				CLANG_ENABLE_OBJC_WEAK = YES;
				CLANG_WARN_BLOCK_CAPTURE_AUTORELEASING = YES;
				CLANG_WARN_BOOL_CONVERSION = YES;
				CLANG_WARN_COMMA = YES;
				CLANG_WARN_CONSTANT_CONVERSION = YES;
				CLANG_WARN_DEPRECATED_OBJC_IMPLEMENTATIONS = YES;
				CLANG_WARN_DIRECT_OBJC_ISA_USAGE = YES_ERROR;
				CLANG_WARN_DOCUMENTATION_COMMENTS = YES;
				CLANG_WARN_EMPTY_BODY = YES;
				CLANG_WARN_ENUM_CONVERSION = YES;
				CLANG_WARN_INFINITE_RECURSION = YES;
				CLANG_WARN_INT_CONVERSION = YES;
				CLANG_WARN_NON_LITERAL_NULL_CONVERSION = YES;
				CLANG_WARN_OBJC_IMPLICIT_RETAIN_SELF = YES;
				CLANG_WARN_OBJC_LITERAL_CONVERSION = YES;
				CLANG_WARN_OBJC_ROOT_CLASS = YES_ERROR;
				CLANG_WARN_QUOTED_INCLUDE_IN_FRAMEWORK_HEADER = YES;
				CLANG_WARN_RANGE_LOOP_ANALYSIS = YES;
				CLANG_WARN_STRICT_PROTOTYPES = YES;
				CLANG_WARN_SUSPICIOUS_MOVE = YES;
				CLANG_WARN_UNGUARDED_AVAILABILITY = YES_AGGRESSIVE;
				CLANG_WARN_UNREACHABLE_CODE = YES;
				CLANG_WARN__DUPLICATE_METHOD_MATCH = YES;
				COPY_PHASE_STRIP = NO;
				DEBUG_INFORMATION_FORMAT = "dwarf-with-dsym";
				ENABLE_NS_ASSERTIONS = NO;
				ENABLE_STRICT_OBJC_MSGSEND = YES;
				GCC_C_LANGUAGE_STANDARD = gnu11;
				GCC_NO_COMMON_BLOCKS = YES;
				GCC_WARN_64_TO_32_BIT_CONVERSION = YES;
				GCC_WARN_ABOUT_RETURN_TYPE = YES_ERROR;
				GCC_WARN_UNDECLARED_SELECTOR = YES;
				GCC_WARN_UNINITIALIZED_AUTOS = YES_AGGRESSIVE;
				GCC_WARN_UNUSED_FUNCTION = YES;
				GCC_WARN_UNUSED_VARIABLE = YES;
				IPHONEOS_DEPLOYMENT_TARGET = 16.2;
				MTL_ENABLE_DEBUG_INFO = NO;
				MTL_FAST_MATH = YES;
				SDKROOT = iphoneos;
				SWIFT_COMPILATION_MODE = wholemodule;
				SWIFT_OPTIMIZATION_LEVEL = "-O";
				VALIDATE_PRODUCT = YES;
			};
			name = Release;
		};
		18F178202B77DDC100D4594C /* Debug */ = {
			isa = XCBuildConfiguration;
			buildSettings = {
				ASSETCATALOG_COMPILER_APPICON_NAME = AppIcon;
				ASSETCATALOG_COMPILER_GLOBAL_ACCENT_COLOR_NAME = AccentColor;
				CODE_SIGN_STYLE = Automatic;
				CURRENT_PROJECT_VERSION = 1;
				DEVELOPMENT_TEAM = CYN5M7KJ2P;
				GENERATE_INFOPLIST_FILE = YES;
				INFOPLIST_FILE = GitBranchMerging/Info.plist;
				INFOPLIST_KEY_UIApplicationSupportsIndirectInputEvents = YES;
				INFOPLIST_KEY_UILaunchStoryboardName = LaunchScreen;
				INFOPLIST_KEY_UIMainStoryboardFile = Main;
				INFOPLIST_KEY_UISupportedInterfaceOrientations_iPad = "UIInterfaceOrientationPortrait UIInterfaceOrientationPortraitUpsideDown UIInterfaceOrientationLandscapeLeft UIInterfaceOrientationLandscapeRight";
				INFOPLIST_KEY_UISupportedInterfaceOrientations_iPhone = "UIInterfaceOrientationPortrait UIInterfaceOrientationLandscapeLeft UIInterfaceOrientationLandscapeRight";
				LD_RUNPATH_SEARCH_PATHS = (
					"$(inherited)",
					"@executable_path/Frameworks",
				);
				MARKETING_VERSION = 1.0;
				PRODUCT_BUNDLE_IDENTIFIER = RK.GitBranchMerging;
				PRODUCT_NAME = "$(TARGET_NAME)";
				SWIFT_EMIT_LOC_STRINGS = YES;
				SWIFT_VERSION = 5.0;
				TARGETED_DEVICE_FAMILY = "1,2";
			};
			name = Debug;
		};
		18F178212B77DDC100D4594C /* Release */ = {
			isa = XCBuildConfiguration;
			buildSettings = {
				ASSETCATALOG_COMPILER_APPICON_NAME = AppIcon;
				ASSETCATALOG_COMPILER_GLOBAL_ACCENT_COLOR_NAME = AccentColor;
				CODE_SIGN_STYLE = Automatic;
				CURRENT_PROJECT_VERSION = 1;
				DEVELOPMENT_TEAM = CYN5M7KJ2P;
				GENERATE_INFOPLIST_FILE = YES;
				INFOPLIST_FILE = GitBranchMerging/Info.plist;
				INFOPLIST_KEY_UIApplicationSupportsIndirectInputEvents = YES;
				INFOPLIST_KEY_UILaunchStoryboardName = LaunchScreen;
				INFOPLIST_KEY_UIMainStoryboardFile = Main;
				INFOPLIST_KEY_UISupportedInterfaceOrientations_iPad = "UIInterfaceOrientationPortrait UIInterfaceOrientationPortraitUpsideDown UIInterfaceOrientationLandscapeLeft UIInterfaceOrientationLandscapeRight";
				INFOPLIST_KEY_UISupportedInterfaceOrientations_iPhone = "UIInterfaceOrientationPortrait UIInterfaceOrientationLandscapeLeft UIInterfaceOrientationLandscapeRight";
				LD_RUNPATH_SEARCH_PATHS = (
					"$(inherited)",
					"@executable_path/Frameworks",
				);
				MARKETING_VERSION = 1.0;
				PRODUCT_BUNDLE_IDENTIFIER = RK.GitBranchMerging;
				PRODUCT_NAME = "$(TARGET_NAME)";
				SWIFT_EMIT_LOC_STRINGS = YES;
				SWIFT_VERSION = 5.0;
				TARGETED_DEVICE_FAMILY = "1,2";
			};
			name = Release;
		};
		18F178232B77DDC100D4594C /* Debug */ = {
			isa = XCBuildConfiguration;
			buildSettings = {
				ALWAYS_EMBED_SWIFT_STANDARD_LIBRARIES = YES;
				BUNDLE_LOADER = "$(TEST_HOST)";
				CODE_SIGN_STYLE = Automatic;
				CURRENT_PROJECT_VERSION = 1;
				DEVELOPMENT_TEAM = CYN5M7KJ2P;
				GENERATE_INFOPLIST_FILE = YES;
				IPHONEOS_DEPLOYMENT_TARGET = 16.2;
				MARKETING_VERSION = 1.0;
				PRODUCT_BUNDLE_IDENTIFIER = RK.GitBranchMergingTests;
				PRODUCT_NAME = "$(TARGET_NAME)";
				SWIFT_EMIT_LOC_STRINGS = NO;
				SWIFT_VERSION = 5.0;
				TARGETED_DEVICE_FAMILY = "1,2";
				TEST_HOST = "$(BUILT_PRODUCTS_DIR)/GitBranchMerging.app/$(BUNDLE_EXECUTABLE_FOLDER_PATH)/GitBranchMerging";
			};
			name = Debug;
		};
		18F178242B77DDC100D4594C /* Release */ = {
			isa = XCBuildConfiguration;
			buildSettings = {
				ALWAYS_EMBED_SWIFT_STANDARD_LIBRARIES = YES;
				BUNDLE_LOADER = "$(TEST_HOST)";
				CODE_SIGN_STYLE = Automatic;
				CURRENT_PROJECT_VERSION = 1;
				DEVELOPMENT_TEAM = CYN5M7KJ2P;
				GENERATE_INFOPLIST_FILE = YES;
				IPHONEOS_DEPLOYMENT_TARGET = 16.2;
				MARKETING_VERSION = 1.0;
				PRODUCT_BUNDLE_IDENTIFIER = RK.GitBranchMergingTests;
				PRODUCT_NAME = "$(TARGET_NAME)";
				SWIFT_EMIT_LOC_STRINGS = NO;
				SWIFT_VERSION = 5.0;
				TARGETED_DEVICE_FAMILY = "1,2";
				TEST_HOST = "$(BUILT_PRODUCTS_DIR)/GitBranchMerging.app/$(BUNDLE_EXECUTABLE_FOLDER_PATH)/GitBranchMerging";
			};
			name = Release;
		};
		18F178262B77DDC100D4594C /* Debug */ = {
			isa = XCBuildConfiguration;
			buildSettings = {
				ALWAYS_EMBED_SWIFT_STANDARD_LIBRARIES = YES;
				CODE_SIGN_STYLE = Automatic;
				CURRENT_PROJECT_VERSION = 1;
				DEVELOPMENT_TEAM = CYN5M7KJ2P;
				GENERATE_INFOPLIST_FILE = YES;
				MARKETING_VERSION = 1.0;
				PRODUCT_BUNDLE_IDENTIFIER = RK.GitBranchMergingUITests;
				PRODUCT_NAME = "$(TARGET_NAME)";
				SWIFT_EMIT_LOC_STRINGS = NO;
				SWIFT_VERSION = 5.0;
				TARGETED_DEVICE_FAMILY = "1,2";
				TEST_TARGET_NAME = GitBranchMerging;
			};
			name = Debug;
		};
		18F178272B77DDC100D4594C /* Release */ = {
			isa = XCBuildConfiguration;
			buildSettings = {
				ALWAYS_EMBED_SWIFT_STANDARD_LIBRARIES = YES;
				CODE_SIGN_STYLE = Automatic;
				CURRENT_PROJECT_VERSION = 1;
				DEVELOPMENT_TEAM = CYN5M7KJ2P;
				GENERATE_INFOPLIST_FILE = YES;
				MARKETING_VERSION = 1.0;
				PRODUCT_BUNDLE_IDENTIFIER = RK.GitBranchMergingUITests;
				PRODUCT_NAME = "$(TARGET_NAME)";
				SWIFT_EMIT_LOC_STRINGS = NO;
				SWIFT_VERSION = 5.0;
				TARGETED_DEVICE_FAMILY = "1,2";
				TEST_TARGET_NAME = GitBranchMerging;
			};
			name = Release;
		};
/* End XCBuildConfiguration section */

/* Begin XCConfigurationList section */
		18F177ED2B77DDBD00D4594C /* Build configuration list for PBXProject "GitBranchMerging" */ = {
			isa = XCConfigurationList;
			buildConfigurations = (
				18F1781D2B77DDC100D4594C /* Debug */,
				18F1781E2B77DDC100D4594C /* Release */,
			);
			defaultConfigurationIsVisible = 0;
			defaultConfigurationName = Release;
		};
		18F1781F2B77DDC100D4594C /* Build configuration list for PBXNativeTarget "GitBranchMerging" */ = {
			isa = XCConfigurationList;
			buildConfigurations = (
				18F178202B77DDC100D4594C /* Debug */,
				18F178212B77DDC100D4594C /* Release */,
			);
			defaultConfigurationIsVisible = 0;
			defaultConfigurationName = Release;
		};
		18F178222B77DDC100D4594C /* Build configuration list for PBXNativeTarget "GitBranchMergingTests" */ = {
			isa = XCConfigurationList;
			buildConfigurations = (
				18F178232B77DDC100D4594C /* Debug */,
				18F178242B77DDC100D4594C /* Release */,
			);
			defaultConfigurationIsVisible = 0;
			defaultConfigurationName = Release;
		};
		18F178252B77DDC100D4594C /* Build configuration list for PBXNativeTarget "GitBranchMergingUITests" */ = {
			isa = XCConfigurationList;
			buildConfigurations = (
				18F178262B77DDC100D4594C /* Debug */,
				18F178272B77DDC100D4594C /* Release */,
			);
			defaultConfigurationIsVisible = 0;
			defaultConfigurationName = Release;
		};
/* End XCConfigurationList section */

/* Begin XCVersionGroup section */
		18F177FE2B77DDBD00D4594C /* GitBranchMerging.xcdatamodeld */ = {
			isa = XCVersionGroup;
			children = (
				18F177FF2B77DDBD00D4594C /* GitBranchMerging.xcdatamodel */,
			);
			currentVersion = 18F177FF2B77DDBD00D4594C /* GitBranchMerging.xcdatamodel */;
			path = GitBranchMerging.xcdatamodeld;
			sourceTree = "<group>";
			versionGroupType = wrapper.xcdatamodel;
		};
/* End XCVersionGroup section */
	};
	rootObject = 18F177EA2B77DDBD00D4594C /* Project object */;
}
